
Microsoft Visual Studio Solution File, Format Version 12.00
# Visual Studio Version 17
VisualStudioVersion = 17.9.34607.119
MinimumVisualStudioVersion = 10.0.40219.1
Project("{FAE04EC0-301F-11D3-BF4B-00C04F79EFBC}") = "JAGS20240912", "JAGS20240912\JAGS20240912.csproj", "{8BD327E5-F409-4FB2-9BF8-A926B9CA087F}"
EndProject
Global
	GlobalSection(SolutionConfigurationPlatforms) = preSolution
		Debug|Any CPU = Debug|Any CPU
		Release|Any CPU = Release|Any CPU
	EndGlobalSection
	GlobalSection(ProjectConfigurationPlatforms) = postSolution
		{8BD327E5-F409-4FB2-9BF8-A926B9CA087F}.Debug|Any CPU.ActiveCfg = Debug|Any CPU
		{8BD327E5-F409-4FB2-9BF8-A926B9CA087F}.Debug|Any CPU.Build.0 = Debug|Any CPU
		{8BD327E5-F409-4FB2-9BF8-A926B9CA087F}.Release|Any CPU.ActiveCfg = Release|Any CPU
		{8BD327E5-F409-4FB2-9BF8-A926B9CA087F}.Release|Any CPU.Build.0 = Release|Any CPU
	EndGlobalSection
	GlobalSection(SolutionProperties) = preSolution
		HideSolutionNode = FALSE
	EndGlobalSection
	GlobalSection(ExtensibilityGlobals) = postSolution
		SolutionGuid = {6329B8E4-1DD2-42E1-92A9-98B89A3EFB1E}
	EndGlobalSection
EndGlobal
